PODS:
  - Alamofire (3.1.5)
  - AlamofireImage (2.3.0):
    - Alamofire (~> 3.1)
  - Bolts/Tasks (1.6.0)
  - Kingfisher (1.9.3)
  - Parse (1.8.2):
    - Bolts/Tasks (>= 1.2.1)
  - ParseUI (1.1.6):
    - Bolts/Tasks (~> 1.2)
    - Parse (~> 1.8)
  - SwiftyJSON (2.3.2)

DEPENDENCIES:
  - AlamofireImage (~> 2.1)
  - Kingfisher (~> 1.8)
  - Parse (= 1.8.2)
  - ParseUI
  - SwiftyJSON (~> 2.3)

SPEC CHECKSUMS:
  Alamofire: 5f730ba29fd113b7ddd71c1e65d0c630acf5d7b0
  AlamofireImage: 4013fb5b99b10117bf2554a67b9bd2231d476b45
  Bolts: f52a250053bb517ca874523c3913776359ab3def
  Kingfisher: 9e37d2a78a082dc123bfe8a16de65de85518daae
  Parse: 188601c6cd91fae55906badd283b513104a3a8c9
  ParseUI: 8a22e448c03f825203d8c379c80523517f68baa3
  SwiftyJSON: 04ccea08915aa0109039157c7974cf0298da292a

COCOAPODS: 0.39.0
